#MicroXplorer Configuration settings - do not modify
Mcu.Family=STM32F0
SH.GPXTI1.0=GPIO_EXTI1
ProjectManager.MainLocation=Core/Src
RCC.MCOFreq_Value=48000000
PB13.GPIOParameters=GPIO_Label
I2C2.IPParameters=Timing
PA6.Mode=G2_IO3-Channel
PC7.GPIOParameters=GPIO_Label
RCC.USART1Freq_Value=48000000
ProjectManager.KeepUserCode=true
Mcu.UserName=STM32F072RBTx
SPI2.VirtualType=VM_MASTER
PB10.Mode=I2C
RCC.PLLCLKFreq_Value=48000000
PB14.GPIO_Label=SPI2_MISO [L3GD20_SDO]
USB.speed=PCD_SPEED_FULL
PA14.GPIO_Label=SWCLK
PC5.Locked=true
PC7.Locked=true
I2C2.Timing=0x20303E5D
PA0.GPIO_Label=B1 [Blue PushButton]
PA12.GPIOParameters=GPIO_Label
ProjectManager.functionlistsort=1-MX_GPIO_Init-GPIO-false-HAL-true,2-SystemClock_Config-RCC-false-HAL-false,3-MX_I2C2_Init-I2C2-false-HAL-true,4-MX_SPI2_Init-SPI2-false-HAL-true,5-MX_TSC_Init-TSC-false-HAL-true,6-MX_USB_PCD_Init-USB-false-HAL-true
PC0.GPIOParameters=GPIO_Label
PA11.GPIOParameters=GPIO_Label
PC0.GPIO_Label=NCS_MEMS_SPI [L3GD20_CS_I2C/SPI]
PC6.GPIO_Label=LD3 [Red Led]
PA11.Mode=Device
PC9.Locked=true
RCC.USART2Freq_Value=48000000
NVIC.SVC_IRQn=true\:0\:0\:false\:false\:false\:true\:false
TSC.ChannelIOs-G2_IO3=TSC_GROUP2_IO3
TSC.ChannelIOs-G2_IO3-Channel=TSC_GROUP2_IO3
PC1.Locked=true
PB13.GPIO_Label=SPI2_SCK [L3GD20_SCL/SPC]
PB11.Signal=I2C2_SDA
PB13.Signal=SPI2_SCK
PB15.Signal=SPI2_MOSI
PinOutPanel.RotationAngle=0
RCC.SYSCLKSource=RCC_SYSCLKSOURCE_PLLCLK
TSC.ChannelIOs-G1_IO3-Channel=TSC_GROUP1_IO3
ProjectManager.StackSize=0x400
SH.GPXTI2.0=GPIO_EXTI2
Mcu.IP4=SYS
RCC.FCLKCortexFreq_Value=48000000
Mcu.IP5=TSC
Mcu.IP2=RCC
Mcu.IP3=SPI2
Mcu.IP0=I2C2
PA12.Locked=true
Mcu.IP1=NVIC
PA12.Signal=USB_DP
Mcu.UserConstants=
PC1.GPIOParameters=GPIO_Label,GPIO_ModeDefaultEXTI
Mcu.ThirdPartyNb=0
RCC.HCLKFreq_Value=48000000
Mcu.IPNb=7
ProjectManager.PreviousToolchain=STM32CubeIDE
PC7.Signal=GPIO_Output
Mcu.Pin6=PA6
Mcu.Pin7=PA7
Mcu.Pin8=PC5
Mcu.Pin9=PB0
RCC.AHBFreq_Value=48000000
SPI2.BaudRatePrescaler=SPI_BAUDRATEPRESCALER_4
PB13.Locked=true
Mcu.Pin0=PC0
Mcu.Pin1=PC1
GPIO.groupedBy=Group By Peripherals
Mcu.Pin2=PC2
Mcu.Pin3=PA0
Mcu.Pin4=PA2
Mcu.Pin5=PA3
ProjectManager.ProjectBuild=false
PA0.Locked=true
NVIC.SysTick_IRQn=true\:3\:0\:true\:false\:true\:true\:true
RCC.PLLMUL=RCC_PLL_MUL6
ProjectManager.FirmwarePackage=STM32Cube FW_F0 V1.11.2
MxDb.Version=DB.6.0.10
ProjectManager.BackupPrevious=false
PA14.Mode=Serial_Wire
PB14.Mode=Full_Duplex_Master
File.Version=6
SPI2.CalculateBaudRate=12.0 MBits/s
NVIC.PendSV_IRQn=true\:3\:0\:true\:false\:false\:true\:false
ProjectManager.HalAssertFull=true
PB0.Locked=true
ProjectManager.ProjectName=bsp_io_sema_mutex_communityNxRTOS_STM32F072BDisc
PA0.Signal=GPXTI0
PA13.GPIOParameters=GPIO_Label
RCC.PLLMCOFreq_Value=48000000
PC8.GPIOParameters=GPIO_Label
Mcu.Package=LQFP64
PB1.Signal=TSC_G3_IO3
PA6.Signal=TSC_G2_IO3
PA7.Locked=true
SPI2.Mode=SPI_MODE_MASTER
TSC.ChannelIOs-G1_IO3=TSC_GROUP1_IO3
PA14.Locked=true
ProjectManager.ToolChainLocation=
SH.GPXTI0.0=GPIO_EXTI0
VP_SYS_VS_Systick.Signal=SYS_VS_Systick
PB14.GPIOParameters=GPIO_Label
TSC.SamplingIOs-G2_IO4-Sampling=TSC_GROUP2_IO4
RCC.CECFreq_Value=32786.88524590164
RCC.APB1TimFreq_Value=48000000
SPI2.Direction=SPI_DIRECTION_2LINES
PC5.Signal=GPIO_Output
PB13.Mode=Full_Duplex_Master
PB10.GPIOParameters=GPIO_Label
TSC.ChannelIOs-G3_IO2-Channel=TSC_GROUP3_IO2
PC2.GPIO_Label=MEMS_INT2 [L3GD20_INT2]
ProjectManager.CustomerFirmwarePackage=
TSC.SamplingIOs-G1_IO4=TSC_GROUP1_IO4
PB15.Locked=true
PC2.GPIO_ModeDefaultEXTI=GPIO_MODE_EVT_RISING
PA3.Signal=TSC_G1_IO4
PA2.Locked=true
RCC.I2SFreq_Value=48000000
ProjectManager.ProjectFileName=bsp_io_sema_mutex_communityNxRTOS_STM32F072BDisc.ioc
PA7.Mode=G2_IO4-Sampling
Mcu.PinsNb=25
PC9.GPIO_Label=LD5 [GReen Led]
ProjectManager.NoMain=false
TSC.SamplingIOs-G3_IO3-Sampling=TSC_GROUP3_IO3
PC8.Signal=GPIO_Output
PC2.Signal=GPXTI2
PC6.Signal=GPIO_Output
PB11.GPIO_Label=I2C2_SDA[EXT/RF-E2P_SDA]
SH.GPXTI0.ConfNb=1
PA11.GPIO_Label=USBF4_DM
ProjectManager.DefaultFWLocation=true
USB.IPParameters=phy_itface,speed
ProjectManager.DeletePrevious=true
PC0.Signal=GPIO_Output
PB14.Locked=true
PB10.Locked=true
boardIOC=true
PA12.GPIO_Label=USBF4_DP
RCC.FamilyName=M
PC8.GPIO_Label=LD4 [Orange Led]
PA13.Signal=SYS_SWDIO
PA3.Mode=G1_IO4-Sampling
TSC.SamplingIOs-G2_IO4=TSC_GROUP2_IO4
PA11.Locked=true
SH.GPXTI2.ConfNb=1
PB11.Mode=I2C
ProjectManager.TargetToolchain=STM32CubeIDE
PB10.GPIO_Label=I2C2_SCL[EXT/RF-E2P_SCL]
PC5.GPIOParameters=GPIO_Label
PC6.Locked=true
PB11.GPIOParameters=GPIO_Label
SPI2.IPParameters=CalculateBaudRate,Mode,BaudRatePrescaler,VirtualType,Direction
PC2.Locked=true
ProjectManager.RegisterCallBack=
PB1.Locked=true
PB10.Signal=I2C2_SCL
PB14.Signal=SPI2_MISO
PB0.Mode=G3_IO2-Channel
board=STM32F072B-DISCO
ProjectManager.LastFirmware=true
PB15.Mode=Full_Duplex_Master
RCC.VCOOutput2Freq_Value=8000000
MxCube.Version=6.1.1
PB15.GPIO_Label=SPI2_MOSI [L3GD20_SDA/SDI]
PA0.GPIO_ModeDefaultEXTI=GPIO_MODE_IT_RISING_FALLING
PC2.GPIOParameters=GPIO_Label,GPIO_ModeDefaultEXTI
PC1.GPIO_Label=MEMS_INT1 [L3GD20_INT1]
VP_SYS_VS_Systick.Mode=SysTick
TSC.IPParameters=SamplingIOs-G1_IO4,ChannelIOs-G1_IO3,SamplingIOs-G2_IO4,ChannelIOs-G2_IO3,SamplingIOs-G3_IO3,ChannelIOs-G3_IO2,SamplingIOs-G1_IO4-Sampling,ChannelIOs-G1_IO3-Channel,SamplingIOs-G2_IO4-Sampling,ChannelIOs-G2_IO3-Channel,SamplingIOs-G3_IO3-Sampling,ChannelIOs-G3_IO2-Channel
TSC.SamplingIOs-G1_IO4-Sampling=TSC_GROUP1_IO4
NVIC.NonMaskableInt_IRQn=true\:0\:0\:false\:false\:true\:true\:false
PB15.GPIOParameters=GPIO_Label
PA13.Mode=Serial_Wire
ProjectManager.FreePins=true
RCC.IPParameters=AHBFreq_Value,APB1Freq_Value,APB1TimFreq_Value,CECFreq_Value,FCLKCortexFreq_Value,FamilyName,HCLKFreq_Value,HSICECFreq_Value,I2SFreq_Value,MCOFreq_Value,PLLCLKFreq_Value,PLLMCOFreq_Value,PLLMUL,SYSCLKFreq_VALUE,SYSCLKSource,TimSysFreq_Value,USART1Freq_Value,USART2Freq_Value,VCOOutput2Freq_Value
PC9.GPIOParameters=GPIO_Label
ProjectManager.AskForMigrate=true
Mcu.Name=STM32F072R(8-B)Tx
PA2.Signal=TSC_G1_IO3
PA13.GPIO_Label=SWDIO
Mcu.Pin24=VP_SYS_VS_Systick
ProjectManager.UnderRoot=true
RCC.HSICECFreq_Value=32786.88524590164
PC7.GPIO_Label=LD6 [Blue Led]
Mcu.IP6=USB
ProjectManager.CoupleFile=false
RCC.SYSCLKFreq_VALUE=48000000
Mcu.Pin22=PA13
TSC.ChannelIOs-G3_IO2=TSC_GROUP3_IO2
Mcu.Pin23=PA14
RCC.TimSysFreq_Value=48000000
Mcu.Pin20=PA11
Mcu.Pin21=PA12
PA3.Locked=true
PA12.Mode=Device
NVIC.ForceEnableDMAVector=true
KeepUserPlacement=false
PC5.GPIO_Label=EXT_RESET [EXT/RF-E2P_EXT_RESET]
TSC.SamplingIOs-G3_IO3=TSC_GROUP3_IO3
PA14.GPIOParameters=GPIO_Label
PA13.Locked=true
ProjectManager.CompilerOptimize=6
PA11.Signal=USB_DM
PA14.Signal=SYS_SWCLK
ProjectManager.HeapSize=0x200
PA0.GPIOParameters=GPIO_Label,GPIO_ModeDefaultEXTI
Mcu.Pin15=PB15
NVIC.HardFault_IRQn=true\:0\:0\:false\:false\:true\:true\:false
PB1.Mode=G3_IO3-Sampling
Mcu.Pin16=PC6
Mcu.Pin13=PB13
Mcu.Pin14=PB14
PC6.GPIOParameters=GPIO_Label
Mcu.Pin19=PC9
ProjectManager.ComputerToolchain=false
Mcu.Pin17=PC7
Mcu.Pin18=PC8
Mcu.Pin11=PB10
Mcu.Pin12=PB11
PC1.GPIO_ModeDefaultEXTI=GPIO_MODE_EVT_RISING
Mcu.Pin10=PB1
USB.phy_itface=PCD_PHY_EMBEDDED
PA2.Mode=G1_IO3-Channel
PC8.Locked=true
PC9.Signal=GPIO_Output
SH.GPXTI1.ConfNb=1
RCC.APB1Freq_Value=48000000
PB0.Signal=TSC_G3_IO2
PC0.Locked=true
PB11.Locked=true
ProjectManager.DeviceId=STM32F072RBTx
PC1.Signal=GPXTI1
ProjectManager.LibraryCopy=1
PA7.Signal=TSC_G2_IO4
NVIC.EXTI0_1_IRQn=true\:3\:0\:true\:false\:true\:true\:true
PA6.Locked=true
